
Microsoft Visual Studio Solution File, Format Version 12.00
# Visual Studio 15
VisualStudioVersion = 15.0.28307.1145
MinimumVisualStudioVersion = 10.0.40219.1
Project("{FAE04EC0-301F-11D3-BF4B-00C04F79EFBC}") = "SnakeDefinitiveEdition", "SnakeDefinitiveEdition\SnakeDefinitiveEdition.csproj", "{2FC36929-3607-43A7-A515-EFF3D566909E}"
EndProject
Global
	GlobalSection(SolutionConfigurationPlatforms) = preSolution
		Debug|Any CPU = Debug|Any CPU
		Release|Any CPU = Release|Any CPU
	EndGlobalSection
	GlobalSection(ProjectConfigurationPlatforms) = postSolution
		{2FC36929-3607-43A7-A515-EFF3D566909E}.Debug|Any CPU.ActiveCfg = Debug|Any CPU
		{2FC36929-3607-43A7-A515-EFF3D566909E}.Debug|Any CPU.Build.0 = Debug|Any CPU
		{2FC36929-3607-43A7-A515-EFF3D566909E}.Release|Any CPU.ActiveCfg = Release|Any CPU
		{2FC36929-3607-43A7-A515-EFF3D566909E}.Release|Any CPU.Build.0 = Release|Any CPU
	EndGlobalSection
	GlobalSection(SolutionProperties) = preSolution
		HideSolutionNode = FALSE
	EndGlobalSection
	GlobalSection(ExtensibilityGlobals) = postSolution
		SolutionGuid = {249AEB77-B37D-4A95-B5D8-B37F518FE925}
	EndGlobalSection
EndGlobal
